{
  "R": {
    "Version": "4.3.2",
    "Repositories": [
      {
        "Name": "CRAN",
        "URL": "https://cloud.r-project.org"
      }
    ]
  },
  "Packages": {
    "Rcpp": {
      "Package": "Rcpp",
      "Version": "1.0.12",
      "Source": "Repository",
      "Repository": "CRAN",
      "Requirements": [
        "methods",
        "utils"
      ],
      "Hash": "5ea2700d21e038ace58269ecdbeb9ec0"
    },
    "ape": {
      "Package": "ape",
      "Version": "5.7-1",
      "Source": "Repository",
      "Repository": "CRAN",
      "Requirements": [
        "R",
        "Rcpp",
        "digest",
        "graphics",
        "lattice",
        "methods",
        "nlme",
        "parallel",
        "stats",
        "utils"
      ],
      "Hash": "10705eec964349f270504754d8fe8ef1"
    },
    "digest": {
      "Package": "digest",
      "Version": "0.6.34",
      "Source": "Repository",
      "Repository": "CRAN",
      "Requirements": [
        "R",
        "utils"
      ],
      "Hash": "7ede2ee9ea8d3edbf1ca84c1e333ad1a"
    },
    "lattice": {
      "Package": "lattice",
      "Version": "0.22-5",
      "Source": "Repository",
      "Repository": "CRAN",
      "Requirements": [
        "R",
        "grDevices",
        "graphics",
        "grid",
        "stats",
        "utils"
      ],
      "Hash": "7c5e89f04e72d6611c77451f6331a091"
    },
    "nlme": {
      "Package": "nlme",
      "Version": "3.1-163",
      "Source": "Repository",
      "Repository": "CRAN",
      "Requirements": [
        "R",
        "graphics",
        "lattice",
        "stats",
        "utils"
      ],
      "Hash": "8d1938040a05566f4f7a14af4feadd6b"
    },
    "renv": {
      "Package": "renv",
      "Version": "0.17.3",
      "Source": "Repository",
      "Repository": "CRAN",
      "Requirements": [
        "utils"
      ],
      "Hash": "4543b8cd233ae25c6aba8548be9e747e"
    },
    "rphast": {
      "Package": "rphast",
      "Version": "1.6.11",
      "Source": "GitHub",
      "RemoteType": "github",
      "RemoteHost": "api.github.com",
      "RemoteUsername": "coregenomics",
      "RemoteRepo": "RPHAST",
      "RemoteRef": "bugfix/f77_call",
      "RemoteSha": "ebe9d883475673b83e2d33a9b04507f8a8ffedbf",
      "Requirements": [
        "methods",
        "stats"
      ],
      "Hash": "a3f8e88d905cd712b2aee8aad767d6c4"
    }
  }
}
